
Microsoft Visual Studio Solution File, Format Version 12.00
# Visual Studio Version 17
VisualStudioVersion = 17.11.35208.52
MinimumVisualStudioVersion = 10.0.40219.1
Project("{FAE04EC0-301F-11D3-BF4B-00C04F79EFBC}") = "tarea 1 cuarto", "tarea 1 cuarto\tarea 1 cuarto.csproj", "{CA861555-36D1-4602-9D30-B4CE03CA7193}"
EndProject
Global
	GlobalSection(SolutionConfigurationPlatforms) = preSolution
		Debug|Any CPU = Debug|Any CPU
		Release|Any CPU = Release|Any CPU
	EndGlobalSection
	GlobalSection(ProjectConfigurationPlatforms) = postSolution
		{CA861555-36D1-4602-9D30-B4CE03CA7193}.Debug|Any CPU.ActiveCfg = Debug|Any CPU
		{CA861555-36D1-4602-9D30-B4CE03CA7193}.Debug|Any CPU.Build.0 = Debug|Any CPU
		{CA861555-36D1-4602-9D30-B4CE03CA7193}.Release|Any CPU.ActiveCfg = Release|Any CPU
		{CA861555-36D1-4602-9D30-B4CE03CA7193}.Release|Any CPU.Build.0 = Release|Any CPU
	EndGlobalSection
	GlobalSection(SolutionProperties) = preSolution
		HideSolutionNode = FALSE
	EndGlobalSection
	GlobalSection(ExtensibilityGlobals) = postSolution
		SolutionGuid = {DAE19B2C-E521-4594-8A84-4EB4038F04A7}
	EndGlobalSection
EndGlobal
